{
    "requires": true,
    "lockfileVersion": 1,
    "dependencies": {
        "tensor-as-base64": {
            "version": "0.1.1",
            "resolved": "https://registry.npmjs.org/tensor-as-base64/-/tensor-as-base64-0.1.1.tgz",
            "integrity": "sha512-wSRXJzKYpKzVeWBTomxjxrh2+q8yF5ISJbicRJNYwvAcixo6l/CezNDqU9Ot35mgLJPaKR1zM3lhaTyog1JlpA=="
        },
        "upscaler": {
            "version": "0.8.22",
            "resolved": "https://registry.npmjs.org/upscaler/-/upscaler-0.8.22.tgz",
            "integrity": "sha512-FTzTyEDX8P7NOwSJcEkm/u+bIHgLBwZzZ8AMUCH+66u4tCQ+xtsjmCvKqEIQNtheLwT3Vp6pYUpkOqcER6WYew==",
            "requires": {
                "tensor-as-base64": "^0.1.1"
            }
        }
    },
    "type": "module"
}